
Microsoft Visual Studio Solution File, Format Version 12.00
# Visual Studio 15
VisualStudioVersion = 15.0.27004.2006
MinimumVisualStudioVersion = 10.0.40219.1
Project("{8BC9CEB8-8B4A-11D0-8D11-00A0C91BC942}") = "joke", "joke\joke.vcxproj", "{BB1E51DE-92CA-4363-BD9B-F09CCBC95504}"
EndProject
Global
	GlobalSection(SolutionConfigurationPlatforms) = preSolution
		Debug|x64 = Debug|x64
		Debug|x86 = Debug|x86
		Release|x64 = Release|x64
		Release|x86 = Release|x86
	EndGlobalSection
	GlobalSection(ProjectConfigurationPlatforms) = postSolution
		{BB1E51DE-92CA-4363-BD9B-F09CCBC95504}.Debug|x64.ActiveCfg = Debug|x64
		{BB1E51DE-92CA-4363-BD9B-F09CCBC95504}.Debug|x64.Build.0 = Debug|x64
		{BB1E51DE-92CA-4363-BD9B-F09CCBC95504}.Debug|x86.ActiveCfg = Debug|Win32
		{BB1E51DE-92CA-4363-BD9B-F09CCBC95504}.Debug|x86.Build.0 = Debug|Win32
		{BB1E51DE-92CA-4363-BD9B-F09CCBC95504}.Release|x64.ActiveCfg = Release|x64
		{BB1E51DE-92CA-4363-BD9B-F09CCBC95504}.Release|x64.Build.0 = Release|x64
		{BB1E51DE-92CA-4363-BD9B-F09CCBC95504}.Release|x86.ActiveCfg = Release|Win32
		{BB1E51DE-92CA-4363-BD9B-F09CCBC95504}.Release|x86.Build.0 = Release|Win32
	EndGlobalSection
	GlobalSection(SolutionProperties) = preSolution
		HideSolutionNode = FALSE
	EndGlobalSection
	GlobalSection(ExtensibilityGlobals) = postSolution
		SolutionGuid = {3A55C6D1-6427-4DC4-A418-0BD07AEA19A7}
	EndGlobalSection
EndGlobal
